
Microsoft Visual Studio Solution File, Format Version 12.00
# Visual Studio Version 17
VisualStudioVersion = 17.1.32210.238
MinimumVisualStudioVersion = 10.0.40219.1
Project("{FAE04EC0-301F-11D3-BF4B-00C04F79EFBC}") = "Project TP Awal", "Project TP Awal\Project TP Awal.csproj", "{1B1BD0BA-DE78-4608-85EC-C5A75EB28B0E}"
EndProject
Global
	GlobalSection(SolutionConfigurationPlatforms) = preSolution
		Debug|Any CPU = Debug|Any CPU
		Release|Any CPU = Release|Any CPU
	EndGlobalSection
	GlobalSection(ProjectConfigurationPlatforms) = postSolution
		{1B1BD0BA-DE78-4608-85EC-C5A75EB28B0E}.Debug|Any CPU.ActiveCfg = Debug|Any CPU
		{1B1BD0BA-DE78-4608-85EC-C5A75EB28B0E}.Debug|Any CPU.Build.0 = Debug|Any CPU
		{1B1BD0BA-DE78-4608-85EC-C5A75EB28B0E}.Release|Any CPU.ActiveCfg = Release|Any CPU
		{1B1BD0BA-DE78-4608-85EC-C5A75EB28B0E}.Release|Any CPU.Build.0 = Release|Any CPU
	EndGlobalSection
	GlobalSection(SolutionProperties) = preSolution
		HideSolutionNode = FALSE
	EndGlobalSection
	GlobalSection(ExtensibilityGlobals) = postSolution
		SolutionGuid = {F2403F48-2BB9-4C7A-B0CD-45FA7C9B0652}
	EndGlobalSection
EndGlobal
